
Microsoft Visual Studio Solution File, Format Version 12.00
# Visual Studio Version 16
VisualStudioVersion = 16.0.30717.126
MinimumVisualStudioVersion = 10.0.40219.1
Project("{FAE04EC0-301F-11D3-BF4B-00C04F79EFBC}") = "inimorni1", "inimorni1\inimorni1.csproj", "{40CA5FFA-1C27-4B45-9667-5F543AF6D615}"
EndProject
Global
	GlobalSection(SolutionConfigurationPlatforms) = preSolution
		Debug|Any CPU = Debug|Any CPU
		Release|Any CPU = Release|Any CPU
	EndGlobalSection
	GlobalSection(ProjectConfigurationPlatforms) = postSolution
		{40CA5FFA-1C27-4B45-9667-5F543AF6D615}.Debug|Any CPU.ActiveCfg = Debug|Any CPU
		{40CA5FFA-1C27-4B45-9667-5F543AF6D615}.Debug|Any CPU.Build.0 = Debug|Any CPU
		{40CA5FFA-1C27-4B45-9667-5F543AF6D615}.Release|Any CPU.ActiveCfg = Release|Any CPU
		{40CA5FFA-1C27-4B45-9667-5F543AF6D615}.Release|Any CPU.Build.0 = Release|Any CPU
	EndGlobalSection
	GlobalSection(SolutionProperties) = preSolution
		HideSolutionNode = FALSE
	EndGlobalSection
	GlobalSection(ExtensibilityGlobals) = postSolution
		SolutionGuid = {363710B9-9AA9-46BB-A3DA-2294D64B0E5A}
	EndGlobalSection
EndGlobal
